
Microsoft Visual Studio Solution File, Format Version 12.00
# Visual Studio Version 17
VisualStudioVersion = 17.1.32210.238
MinimumVisualStudioVersion = 10.0.40219.1
Project("{FAE04EC0-301F-11D3-BF4B-00C04F79EFBC}") = "AlgricultureIOTApi", "AlgricultureIOTApi.csproj", "{D99AAC02-2C17-48D0-871C-466EA6E0591C}"
EndProject
Global
	GlobalSection(SolutionConfigurationPlatforms) = preSolution
		Debug|Any CPU = Debug|Any CPU
		Release|Any CPU = Release|Any CPU
	EndGlobalSection
	GlobalSection(ProjectConfigurationPlatforms) = postSolution
		{D99AAC02-2C17-48D0-871C-466EA6E0591C}.Debug|Any CPU.ActiveCfg = Debug|Any CPU
		{D99AAC02-2C17-48D0-871C-466EA6E0591C}.Debug|Any CPU.Build.0 = Debug|Any CPU
		{D99AAC02-2C17-48D0-871C-466EA6E0591C}.Release|Any CPU.ActiveCfg = Release|Any CPU
		{D99AAC02-2C17-48D0-871C-466EA6E0591C}.Release|Any CPU.Build.0 = Release|Any CPU
	EndGlobalSection
	GlobalSection(SolutionProperties) = preSolution
		HideSolutionNode = FALSE
	EndGlobalSection
	GlobalSection(ExtensibilityGlobals) = postSolution
		SolutionGuid = {1318C302-33B2-4D90-A385-08E999F5A343}
	EndGlobalSection
EndGlobal
